// !$*UTF8*$!
{
	archiveVersion = 1;
	classes = {
	};
	objectVersion = 56;
	objects = {

/* Begin PBXBuildFile section */
		DA7F3BA82A7297BF004E377E /* ImagePicker.swift in Sources */ = {isa = PBXBuildFile; fileRef = DA7F3BA72A7297BF004E377E /* ImagePicker.swift */; };
		DAA7D4102A76BB5F00A914AC /* LocationManager.swift in Sources */ = {isa = PBXBuildFile; fileRef = DAA7D40F2A76BB5F00A914AC /* LocationManager.swift */; };
		DAAC031D2A702A890003F756 /* ProfileView.swift in Sources */ = {isa = PBXBuildFile; fileRef = DAAC031C2A702A890003F756 /* ProfileView.swift */; };
		DAAC031F2A7033540003F756 /* ProfileViewModel.swift in Sources */ = {isa = PBXBuildFile; fileRef = DAAC031E2A7033540003F756 /* ProfileViewModel.swift */; };
		DAC4BC0A2A71766C00893B29 /* UserManager.swift in Sources */ = {isa = PBXBuildFile; fileRef = DAC4BC092A71766C00893B29 /* UserManager.swift */; };
		DAC4BC0C2A71856900893B29 /* DBUser.swift in Sources */ = {isa = PBXBuildFile; fileRef = DAC4BC0B2A71856900893B29 /* DBUser.swift */; };
		DAD331182A6D6368003DFA6D /* SignUpView.swift in Sources */ = {isa = PBXBuildFile; fileRef = DAD331172A6D6368003DFA6D /* SignUpView.swift */; };
		DAD3311A2A6D637B003DFA6D /* SignUpViewModel.swift in Sources */ = {isa = PBXBuildFile; fileRef = DAD331192A6D637B003DFA6D /* SignUpViewModel.swift */; };
		DAEF31BE2A6BCAB900C9D412 /* YourBubbleApp.swift in Sources */ = {isa = PBXBuildFile; fileRef = DAEF31BD2A6BCAB900C9D412 /* YourBubbleApp.swift */; };
		DAEF31C02A6BCAB900C9D412 /* ContentView.swift in Sources */ = {isa = PBXBuildFile; fileRef = DAEF31BF2A6BCAB900C9D412 /* ContentView.swift */; };
		DAEF31C22A6BCABB00C9D412 /* Assets.xcassets in Resources */ = {isa = PBXBuildFile; fileRef = DAEF31C12A6BCABB00C9D412 /* Assets.xcassets */; };
		DAEF31C52A6BCABB00C9D412 /* Preview Assets.xcassets in Resources */ = {isa = PBXBuildFile; fileRef = DAEF31C42A6BCABB00C9D412 /* Preview Assets.xcassets */; };
		DAEF31CC2A6BCDB700C9D412 /* GoogleService-Info.plist in Resources */ = {isa = PBXBuildFile; fileRef = DAEF31CB2A6BCDB700C9D412 /* GoogleService-Info.plist */; };
		DAEF31CF2A6BCFF000C9D412 /* FirebaseAnalytics in Frameworks */ = {isa = PBXBuildFile; productRef = DAEF31CE2A6BCFF000C9D412 /* FirebaseAnalytics */; };
		DAEF31D12A6BCFF000C9D412 /* FirebaseAnalyticsOnDeviceConversion in Frameworks */ = {isa = PBXBuildFile; productRef = DAEF31D02A6BCFF000C9D412 /* FirebaseAnalyticsOnDeviceConversion */; };
		DAEF31D32A6BCFF000C9D412 /* FirebaseAnalyticsSwift in Frameworks */ = {isa = PBXBuildFile; productRef = DAEF31D22A6BCFF000C9D412 /* FirebaseAnalyticsSwift */; };
		DAEF31D52A6BCFF000C9D412 /* FirebaseAnalyticsWithoutAdIdSupport in Frameworks */ = {isa = PBXBuildFile; productRef = DAEF31D42A6BCFF000C9D412 /* FirebaseAnalyticsWithoutAdIdSupport */; };
		DAEF31D72A6BCFF000C9D412 /* FirebaseAppCheck in Frameworks */ = {isa = PBXBuildFile; productRef = DAEF31D62A6BCFF000C9D412 /* FirebaseAppCheck */; };
		DAEF31D92A6BCFF000C9D412 /* FirebaseAppDistribution-Beta in Frameworks */ = {isa = PBXBuildFile; productRef = DAEF31D82A6BCFF000C9D412 /* FirebaseAppDistribution-Beta */; };
		DAEF31DB2A6BCFF000C9D412 /* FirebaseAuth in Frameworks */ = {isa = PBXBuildFile; productRef = DAEF31DA2A6BCFF000C9D412 /* FirebaseAuth */; };
		DAEF31DD2A6BCFF000C9D412 /* FirebaseAuthCombine-Community in Frameworks */ = {isa = PBXBuildFile; productRef = DAEF31DC2A6BCFF000C9D412 /* FirebaseAuthCombine-Community */; };
		DAEF31DF2A6BCFF000C9D412 /* FirebaseCrashlytics in Frameworks */ = {isa = PBXBuildFile; productRef = DAEF31DE2A6BCFF000C9D412 /* FirebaseCrashlytics */; };
		DAEF31E12A6BCFF000C9D412 /* FirebaseDatabase in Frameworks */ = {isa = PBXBuildFile; productRef = DAEF31E02A6BCFF000C9D412 /* FirebaseDatabase */; };
		DAEF31E32A6BCFF100C9D412 /* FirebaseDatabaseSwift in Frameworks */ = {isa = PBXBuildFile; productRef = DAEF31E22A6BCFF100C9D412 /* FirebaseDatabaseSwift */; };
		DAEF31E52A6BCFF100C9D412 /* FirebaseDynamicLinks in Frameworks */ = {isa = PBXBuildFile; productRef = DAEF31E42A6BCFF100C9D412 /* FirebaseDynamicLinks */; };
		DAEF31E72A6BCFF100C9D412 /* FirebaseFirestore in Frameworks */ = {isa = PBXBuildFile; productRef = DAEF31E62A6BCFF100C9D412 /* FirebaseFirestore */; };
		DAEF31E92A6BCFF100C9D412 /* FirebaseFirestoreCombine-Community in Frameworks */ = {isa = PBXBuildFile; productRef = DAEF31E82A6BCFF100C9D412 /* FirebaseFirestoreCombine-Community */; };
		DAEF31EB2A6BCFF100C9D412 /* FirebaseFirestoreSwift in Frameworks */ = {isa = PBXBuildFile; productRef = DAEF31EA2A6BCFF100C9D412 /* FirebaseFirestoreSwift */; };
		DAEF31ED2A6BCFF100C9D412 /* FirebaseFunctions in Frameworks */ = {isa = PBXBuildFile; productRef = DAEF31EC2A6BCFF100C9D412 /* FirebaseFunctions */; };
		DAEF31EF2A6BCFF100C9D412 /* FirebaseFunctionsCombine-Community in Frameworks */ = {isa = PBXBuildFile; productRef = DAEF31EE2A6BCFF100C9D412 /* FirebaseFunctionsCombine-Community */; };
		DAEF31F12A6BCFF100C9D412 /* FirebaseInAppMessaging-Beta in Frameworks */ = {isa = PBXBuildFile; productRef = DAEF31F02A6BCFF100C9D412 /* FirebaseInAppMessaging-Beta */; };
		DAEF31F32A6BCFF200C9D412 /* FirebaseInAppMessagingSwift-Beta in Frameworks */ = {isa = PBXBuildFile; productRef = DAEF31F22A6BCFF200C9D412 /* FirebaseInAppMessagingSwift-Beta */; };
		DAEF31F52A6BCFF200C9D412 /* FirebaseInstallations in Frameworks */ = {isa = PBXBuildFile; productRef = DAEF31F42A6BCFF200C9D412 /* FirebaseInstallations */; };
		DAEF31F72A6BCFF200C9D412 /* FirebaseMLModelDownloader in Frameworks */ = {isa = PBXBuildFile; productRef = DAEF31F62A6BCFF200C9D412 /* FirebaseMLModelDownloader */; };
		DAEF31F92A6BCFF200C9D412 /* FirebaseMessaging in Frameworks */ = {isa = PBXBuildFile; productRef = DAEF31F82A6BCFF200C9D412 /* FirebaseMessaging */; };
		DAEF31FB2A6BCFF200C9D412 /* FirebasePerformance in Frameworks */ = {isa = PBXBuildFile; productRef = DAEF31FA2A6BCFF200C9D412 /* FirebasePerformance */; };
		DAEF31FD2A6BCFF300C9D412 /* FirebaseRemoteConfig in Frameworks */ = {isa = PBXBuildFile; productRef = DAEF31FC2A6BCFF300C9D412 /* FirebaseRemoteConfig */; };
		DAEF31FF2A6BCFF300C9D412 /* FirebaseRemoteConfigSwift in Frameworks */ = {isa = PBXBuildFile; productRef = DAEF31FE2A6BCFF300C9D412 /* FirebaseRemoteConfigSwift */; };
		DAEF32012A6BCFF300C9D412 /* FirebaseStorage in Frameworks */ = {isa = PBXBuildFile; productRef = DAEF32002A6BCFF300C9D412 /* FirebaseStorage */; };
		DAEF32032A6BCFF300C9D412 /* FirebaseStorageCombine-Community in Frameworks */ = {isa = PBXBuildFile; productRef = DAEF32022A6BCFF300C9D412 /* FirebaseStorageCombine-Community */; };
		DAEF32062A6BE6D300C9D412 /* AuthenticationView.swift in Sources */ = {isa = PBXBuildFile; fileRef = DAEF32052A6BE6D300C9D412 /* AuthenticationView.swift */; };
		DAEF32082A6C05B700C9D412 /* SignInEmailView.swift in Sources */ = {isa = PBXBuildFile; fileRef = DAEF32072A6C05B700C9D412 /* SignInEmailView.swift */; };
		DAEF320A2A6C05CA00C9D412 /* SignInEmailViewModel.swift in Sources */ = {isa = PBXBuildFile; fileRef = DAEF32092A6C05CA00C9D412 /* SignInEmailViewModel.swift */; };
		DAEF320D2A6C0EFE00C9D412 /* AuthenticationManager.swift in Sources */ = {isa = PBXBuildFile; fileRef = DAEF320C2A6C0EFE00C9D412 /* AuthenticationManager.swift */; };
		DAEF32102A6C124B00C9D412 /* AuthDataResultModel.swift in Sources */ = {isa = PBXBuildFile; fileRef = DAEF320F2A6C124B00C9D412 /* AuthDataResultModel.swift */; };
		DAEF32122A6C1E0200C9D412 /* RootView.swift in Sources */ = {isa = PBXBuildFile; fileRef = DAEF32112A6C1E0200C9D412 /* RootView.swift */; };
		DAEF32152A6C212C00C9D412 /* SettingsView.swift in Sources */ = {isa = PBXBuildFile; fileRef = DAEF32142A6C212C00C9D412 /* SettingsView.swift */; };
		DAEF32172A6C213B00C9D412 /* SettingsViewModel.swift in Sources */ = {isa = PBXBuildFile; fileRef = DAEF32162A6C213B00C9D412 /* SettingsViewModel.swift */; };
/* End PBXBuildFile section */

/* Begin PBXFileReference section */
		DA7F3BA72A7297BF004E377E /* ImagePicker.swift */ = {isa = PBXFileReference; lastKnownFileType = sourcecode.swift; path = ImagePicker.swift; sourceTree = "<group>"; };
		DAA7D40F2A76BB5F00A914AC /* LocationManager.swift */ = {isa = PBXFileReference; lastKnownFileType = sourcecode.swift; path = LocationManager.swift; sourceTree = "<group>"; };
		DAAC031C2A702A890003F756 /* ProfileView.swift */ = {isa = PBXFileReference; lastKnownFileType = sourcecode.swift; path = ProfileView.swift; sourceTree = "<group>"; };
		DAAC031E2A7033540003F756 /* ProfileViewModel.swift */ = {isa = PBXFileReference; lastKnownFileType = sourcecode.swift; path = ProfileViewModel.swift; sourceTree = "<group>"; };
		DAC4BC092A71766C00893B29 /* UserManager.swift */ = {isa = PBXFileReference; lastKnownFileType = sourcecode.swift; path = UserManager.swift; sourceTree = "<group>"; };
		DAC4BC0B2A71856900893B29 /* DBUser.swift */ = {isa = PBXFileReference; lastKnownFileType = sourcecode.swift; path = DBUser.swift; sourceTree = "<group>"; };
		DAD331172A6D6368003DFA6D /* SignUpView.swift */ = {isa = PBXFileReference; lastKnownFileType = sourcecode.swift; path = SignUpView.swift; sourceTree = "<group>"; };
		DAD331192A6D637B003DFA6D /* SignUpViewModel.swift */ = {isa = PBXFileReference; lastKnownFileType = sourcecode.swift; path = SignUpViewModel.swift; sourceTree = "<group>"; };
		DAEF31BA2A6BCAB900C9D412 /* YourBubble.app */ = {isa = PBXFileReference; explicitFileType = wrapper.application; includeInIndex = 0; path = YourBubble.app; sourceTree = BUILT_PRODUCTS_DIR; };
		DAEF31BD2A6BCAB900C9D412 /* YourBubbleApp.swift */ = {isa = PBXFileReference; lastKnownFileType = sourcecode.swift; path = YourBubbleApp.swift; sourceTree = "<group>"; };
		DAEF31BF2A6BCAB900C9D412 /* ContentView.swift */ = {isa = PBXFileReference; lastKnownFileType = sourcecode.swift; path = ContentView.swift; sourceTree = "<group>"; };
		DAEF31C12A6BCABB00C9D412 /* Assets.xcassets */ = {isa = PBXFileReference; lastKnownFileType = folder.assetcatalog; path = Assets.xcassets; sourceTree = "<group>"; };
		DAEF31C42A6BCABB00C9D412 /* Preview Assets.xcassets */ = {isa = PBXFileReference; lastKnownFileType = folder.assetcatalog; path = "Preview Assets.xcassets"; sourceTree = "<group>"; };
		DAEF31CB2A6BCDB700C9D412 /* GoogleService-Info.plist */ = {isa = PBXFileReference; fileEncoding = 4; lastKnownFileType = text.plist.xml; path = "GoogleService-Info.plist"; sourceTree = "<group>"; };
		DAEF32052A6BE6D300C9D412 /* AuthenticationView.swift */ = {isa = PBXFileReference; lastKnownFileType = sourcecode.swift; path = AuthenticationView.swift; sourceTree = "<group>"; };
		DAEF32072A6C05B700C9D412 /* SignInEmailView.swift */ = {isa = PBXFileReference; lastKnownFileType = sourcecode.swift; path = SignInEmailView.swift; sourceTree = "<group>"; };
		DAEF32092A6C05CA00C9D412 /* SignInEmailViewModel.swift */ = {isa = PBXFileReference; lastKnownFileType = sourcecode.swift; path = SignInEmailViewModel.swift; sourceTree = "<group>"; };
		DAEF320C2A6C0EFE00C9D412 /* AuthenticationManager.swift */ = {isa = PBXFileReference; lastKnownFileType = sourcecode.swift; path = AuthenticationManager.swift; sourceTree = "<group>"; };
		DAEF320F2A6C124B00C9D412 /* AuthDataResultModel.swift */ = {isa = PBXFileReference; lastKnownFileType = sourcecode.swift; path = AuthDataResultModel.swift; sourceTree = "<group>"; };
		DAEF32112A6C1E0200C9D412 /* RootView.swift */ = {isa = PBXFileReference; lastKnownFileType = sourcecode.swift; path = RootView.swift; sourceTree = "<group>"; };
		DAEF32142A6C212C00C9D412 /* SettingsView.swift */ = {isa = PBXFileReference; lastKnownFileType = sourcecode.swift; path = SettingsView.swift; sourceTree = "<group>"; };
		DAEF32162A6C213B00C9D412 /* SettingsViewModel.swift */ = {isa = PBXFileReference; lastKnownFileType = sourcecode.swift; path = SettingsViewModel.swift; sourceTree = "<group>"; };
/* End PBXFileReference section */

/* Begin PBXFrameworksBuildPhase section */
		DAEF31B72A6BCAB900C9D412 /* Frameworks */ = {
			isa = PBXFrameworksBuildPhase;
			buildActionMask = 2147483647;
			files = (
				DAEF31E12A6BCFF000C9D412 /* FirebaseDatabase in Frameworks */,
				DAEF31EF2A6BCFF100C9D412 /* FirebaseFunctionsCombine-Community in Frameworks */,
				DAEF31E72A6BCFF100C9D412 /* FirebaseFirestore in Frameworks */,
				DAEF31D32A6BCFF000C9D412 /* FirebaseAnalyticsSwift in Frameworks */,
				DAEF31CF2A6BCFF000C9D412 /* FirebaseAnalytics in Frameworks */,
				DAEF31D12A6BCFF000C9D412 /* FirebaseAnalyticsOnDeviceConversion in Frameworks */,
				DAEF31F72A6BCFF200C9D412 /* FirebaseMLModelDownloader in Frameworks */,
				DAEF31EB2A6BCFF100C9D412 /* FirebaseFirestoreSwift in Frameworks */,
				DAEF31D72A6BCFF000C9D412 /* FirebaseAppCheck in Frameworks */,
				DAEF31D52A6BCFF000C9D412 /* FirebaseAnalyticsWithoutAdIdSupport in Frameworks */,
				DAEF31DB2A6BCFF000C9D412 /* FirebaseAuth in Frameworks */,
				DAEF31DF2A6BCFF000C9D412 /* FirebaseCrashlytics in Frameworks */,
				DAEF31FF2A6BCFF300C9D412 /* FirebaseRemoteConfigSwift in Frameworks */,
				DAEF31F12A6BCFF100C9D412 /* FirebaseInAppMessaging-Beta in Frameworks */,
				DAEF31E32A6BCFF100C9D412 /* FirebaseDatabaseSwift in Frameworks */,
				DAEF31ED2A6BCFF100C9D412 /* FirebaseFunctions in Frameworks */,
				DAEF32032A6BCFF300C9D412 /* FirebaseStorageCombine-Community in Frameworks */,
				DAEF31FD2A6BCFF300C9D412 /* FirebaseRemoteConfig in Frameworks */,
				DAEF31D92A6BCFF000C9D412 /* FirebaseAppDistribution-Beta in Frameworks */,
				DAEF31DD2A6BCFF000C9D412 /* FirebaseAuthCombine-Community in Frameworks */,
				DAEF31FB2A6BCFF200C9D412 /* FirebasePerformance in Frameworks */,
				DAEF31F32A6BCFF200C9D412 /* FirebaseInAppMessagingSwift-Beta in Frameworks */,
				DAEF32012A6BCFF300C9D412 /* FirebaseStorage in Frameworks */,
				DAEF31E52A6BCFF100C9D412 /* FirebaseDynamicLinks in Frameworks */,
				DAEF31E92A6BCFF100C9D412 /* FirebaseFirestoreCombine-Community in Frameworks */,
				DAEF31F92A6BCFF200C9D412 /* FirebaseMessaging in Frameworks */,
				DAEF31F52A6BCFF200C9D412 /* FirebaseInstallations in Frameworks */,
			);
			runOnlyForDeploymentPostprocessing = 0;
		};
/* End PBXFrameworksBuildPhase section */

/* Begin PBXGroup section */
		DA7F3BA62A729786004E377E /* Utility */ = {
			isa = PBXGroup;
			children = (
				DA7F3BA72A7297BF004E377E /* ImagePicker.swift */,
			);
			path = Utility;
			sourceTree = "<group>";
		};
		DAAC031B2A702A5C0003F756 /* Profile */ = {
			isa = PBXGroup;
			children = (
				DAAC031C2A702A890003F756 /* ProfileView.swift */,
				DAAC031E2A7033540003F756 /* ProfileViewModel.swift */,
			);
			path = Profile;
			sourceTree = "<group>";
		};
		DAC4BC082A71764E00893B29 /* Managers */ = {
			isa = PBXGroup;
			children = (
				DAEF320C2A6C0EFE00C9D412 /* AuthenticationManager.swift */,
				DAC4BC092A71766C00893B29 /* UserManager.swift */,
				DAA7D40F2A76BB5F00A914AC /* LocationManager.swift */,
			);
			path = Managers;
			sourceTree = "<group>";
		};
		DAD331162A6D6344003DFA6D /* SignUp */ = {
			isa = PBXGroup;
			children = (
				DAD331172A6D6368003DFA6D /* SignUpView.swift */,
				DAD331192A6D637B003DFA6D /* SignUpViewModel.swift */,
			);
			path = SignUp;
			sourceTree = "<group>";
		};
		DAEF31B12A6BCAB900C9D412 = {
			isa = PBXGroup;
			children = (
				DAEF31BC2A6BCAB900C9D412 /* YourBubble */,
				DAEF31BB2A6BCAB900C9D412 /* Products */,
			);
			sourceTree = "<group>";
		};
		DAEF31BB2A6BCAB900C9D412 /* Products */ = {
			isa = PBXGroup;
			children = (
				DAEF31BA2A6BCAB900C9D412 /* YourBubble.app */,
			);
			name = Products;
			sourceTree = "<group>";
		};
		DAEF31BC2A6BCAB900C9D412 /* YourBubble */ = {
			isa = PBXGroup;
			children = (
				DAEF31BD2A6BCAB900C9D412 /* YourBubbleApp.swift */,
				DAEF31BF2A6BCAB900C9D412 /* ContentView.swift */,
				DAEF320E2A6C123500C9D412 /* Model */,
				DAAC031B2A702A5C0003F756 /* Profile */,
				DAC4BC082A71764E00893B29 /* Managers */,
				DAEF32042A6BE69A00C9D412 /* Authentication */,
				DAEF31CB2A6BCDB700C9D412 /* GoogleService-Info.plist */,
				DAEF31C12A6BCABB00C9D412 /* Assets.xcassets */,
				DAEF31C32A6BCABB00C9D412 /* Preview Content */,
			);
			path = YourBubble;
			sourceTree = "<group>";
		};
		DAEF31C32A6BCABB00C9D412 /* Preview Content */ = {
			isa = PBXGroup;
			children = (
				DAEF31C42A6BCABB00C9D412 /* Preview Assets.xcassets */,
			);
			path = "Preview Content";
			sourceTree = "<group>";
		};
		DAEF32042A6BE69A00C9D412 /* Authentication */ = {
			isa = PBXGroup;
			children = (
				DAEF32112A6C1E0200C9D412 /* RootView.swift */,
				DAEF32052A6BE6D300C9D412 /* AuthenticationView.swift */,
				DAEF32132A6C210B00C9D412 /* Settings */,
				DAD331162A6D6344003DFA6D /* SignUp */,
				DAEF320B2A6C098900C9D412 /* SignIn */,
				DA7F3BA62A729786004E377E /* Utility */,
			);
			path = Authentication;
			sourceTree = "<group>";
		};
		DAEF320B2A6C098900C9D412 /* SignIn */ = {
			isa = PBXGroup;
			children = (
				DAEF32072A6C05B700C9D412 /* SignInEmailView.swift */,
				DAEF32092A6C05CA00C9D412 /* SignInEmailViewModel.swift */,
			);
			path = SignIn;
			sourceTree = "<group>";
		};
		DAEF320E2A6C123500C9D412 /* Model */ = {
			isa = PBXGroup;
			children = (
				DAEF320F2A6C124B00C9D412 /* AuthDataResultModel.swift */,
				DAC4BC0B2A71856900893B29 /* DBUser.swift */,
			);
			path = Model;
			sourceTree = "<group>";
		};
		DAEF32132A6C210B00C9D412 /* Settings */ = {
			isa = PBXGroup;
			children = (
				DAEF32142A6C212C00C9D412 /* SettingsView.swift */,
				DAEF32162A6C213B00C9D412 /* SettingsViewModel.swift */,
			);
			path = Settings;
			sourceTree = "<group>";
		};
/* End PBXGroup section */

/* Begin PBXNativeTarget section */
		DAEF31B92A6BCAB900C9D412 /* YourBubble */ = {
			isa = PBXNativeTarget;
			buildConfigurationList = DAEF31C82A6BCABB00C9D412 /* Build configuration list for PBXNativeTarget "YourBubble" */;
			buildPhases = (
				DAEF31B62A6BCAB900C9D412 /* Sources */,
				DAEF31B72A6BCAB900C9D412 /* Frameworks */,
				DAEF31B82A6BCAB900C9D412 /* Resources */,
			);
			buildRules = (
			);
			dependencies = (
			);
			name = YourBubble;
			packageProductDependencies = (
				DAEF31CE2A6BCFF000C9D412 /* FirebaseAnalytics */,
				DAEF31D02A6BCFF000C9D412 /* FirebaseAnalyticsOnDeviceConversion */,
				DAEF31D22A6BCFF000C9D412 /* FirebaseAnalyticsSwift */,
				DAEF31D42A6BCFF000C9D412 /* FirebaseAnalyticsWithoutAdIdSupport */,
				DAEF31D62A6BCFF000C9D412 /* FirebaseAppCheck */,
				DAEF31D82A6BCFF000C9D412 /* FirebaseAppDistribution-Beta */,
				DAEF31DA2A6BCFF000C9D412 /* FirebaseAuth */,
				DAEF31DC2A6BCFF000C9D412 /* FirebaseAuthCombine-Community */,
				DAEF31DE2A6BCFF000C9D412 /* FirebaseCrashlytics */,
				DAEF31E02A6BCFF000C9D412 /* FirebaseDatabase */,
				DAEF31E22A6BCFF100C9D412 /* FirebaseDatabaseSwift */,
				DAEF31E42A6BCFF100C9D412 /* FirebaseDynamicLinks */,
				DAEF31E62A6BCFF100C9D412 /* FirebaseFirestore */,
				DAEF31E82A6BCFF100C9D412 /* FirebaseFirestoreCombine-Community */,
				DAEF31EA2A6BCFF100C9D412 /* FirebaseFirestoreSwift */,
				DAEF31EC2A6BCFF100C9D412 /* FirebaseFunctions */,
				DAEF31EE2A6BCFF100C9D412 /* FirebaseFunctionsCombine-Community */,
				DAEF31F02A6BCFF100C9D412 /* FirebaseInAppMessaging-Beta */,
				DAEF31F22A6BCFF200C9D412 /* FirebaseInAppMessagingSwift-Beta */,
				DAEF31F42A6BCFF200C9D412 /* FirebaseInstallations */,
				DAEF31F62A6BCFF200C9D412 /* FirebaseMLModelDownloader */,
				DAEF31F82A6BCFF200C9D412 /* FirebaseMessaging */,
				DAEF31FA2A6BCFF200C9D412 /* FirebasePerformance */,
				DAEF31FC2A6BCFF300C9D412 /* FirebaseRemoteConfig */,
				DAEF31FE2A6BCFF300C9D412 /* FirebaseRemoteConfigSwift */,
				DAEF32002A6BCFF300C9D412 /* FirebaseStorage */,
				DAEF32022A6BCFF300C9D412 /* FirebaseStorageCombine-Community */,
			);
			productName = YourBubble;
			productReference = DAEF31BA2A6BCAB900C9D412 /* YourBubble.app */;
			productType = "com.apple.product-type.application";
		};
/* End PBXNativeTarget section */

/* Begin PBXProject section */
		DAEF31B22A6BCAB900C9D412 /* Project object */ = {
			isa = PBXProject;
			attributes = {
				BuildIndependentTargetsInParallel = 1;
				LastSwiftUpdateCheck = 1430;
				LastUpgradeCheck = 1430;
				TargetAttributes = {
					DAEF31B92A6BCAB900C9D412 = {
						CreatedOnToolsVersion = 14.3.1;
					};
				};
			};
			buildConfigurationList = DAEF31B52A6BCAB900C9D412 /* Build configuration list for PBXProject "YourBubble" */;
			compatibilityVersion = "Xcode 14.0";
			developmentRegion = en;
			hasScannedForEncodings = 0;
			knownRegions = (
				en,
				Base,
			);
			mainGroup = DAEF31B12A6BCAB900C9D412;
			packageReferences = (
				DAEF31CD2A6BCFF000C9D412 /* XCRemoteSwiftPackageReference "firebase-ios-sdk" */,
			);
			productRefGroup = DAEF31BB2A6BCAB900C9D412 /* Products */;
			projectDirPath = "";
			projectRoot = "";
			targets = (
				DAEF31B92A6BCAB900C9D412 /* YourBubble */,
			);
		};
/* End PBXProject section */

/* Begin PBXResourcesBuildPhase section */
		DAEF31B82A6BCAB900C9D412 /* Resources */ = {
			isa = PBXResourcesBuildPhase;
			buildActionMask = 2147483647;
			files = (
				DAEF31C52A6BCABB00C9D412 /* Preview Assets.xcassets in Resources */,
				DAEF31C22A6BCABB00C9D412 /* Assets.xcassets in Resources */,
				DAEF31CC2A6BCDB700C9D412 /* GoogleService-Info.plist in Resources */,
			);
			runOnlyForDeploymentPostprocessing = 0;
		};
/* End PBXResourcesBuildPhase section */

/* Begin PBXSourcesBuildPhase section */
		DAEF31B62A6BCAB900C9D412 /* Sources */ = {
			isa = PBXSourcesBuildPhase;
			buildActionMask = 2147483647;
			files = (
				DAEF32122A6C1E0200C9D412 /* RootView.swift in Sources */,
				DAAC031D2A702A890003F756 /* ProfileView.swift in Sources */,
				DAEF31C02A6BCAB900C9D412 /* ContentView.swift in Sources */,
				DA7F3BA82A7297BF004E377E /* ImagePicker.swift in Sources */,
				DAC4BC0A2A71766C00893B29 /* UserManager.swift in Sources */,
				DAEF31BE2A6BCAB900C9D412 /* YourBubbleApp.swift in Sources */,
				DAEF32152A6C212C00C9D412 /* SettingsView.swift in Sources */,
				DAEF32102A6C124B00C9D412 /* AuthDataResultModel.swift in Sources */,
				DAA7D4102A76BB5F00A914AC /* LocationManager.swift in Sources */,
				DAAC031F2A7033540003F756 /* ProfileViewModel.swift in Sources */,
				DAD331182A6D6368003DFA6D /* SignUpView.swift in Sources */,
				DAEF32172A6C213B00C9D412 /* SettingsViewModel.swift in Sources */,
				DAEF32062A6BE6D300C9D412 /* AuthenticationView.swift in Sources */,
				DAEF320D2A6C0EFE00C9D412 /* AuthenticationManager.swift in Sources */,
				DAC4BC0C2A71856900893B29 /* DBUser.swift in Sources */,
				DAEF32082A6C05B700C9D412 /* SignInEmailView.swift in Sources */,
				DAD3311A2A6D637B003DFA6D /* SignUpViewModel.swift in Sources */,
				DAEF320A2A6C05CA00C9D412 /* SignInEmailViewModel.swift in Sources */,
			);
			runOnlyForDeploymentPostprocessing = 0;
		};
/* End PBXSourcesBuildPhase section */

/* Begin XCBuildConfiguration section */
		DAEF31C62A6BCABB00C9D412 /* Debug */ = {
			isa = XCBuildConfiguration;
			buildSettings = {
				ALWAYS_SEARCH_USER_PATHS = NO;
				CLANG_ANALYZER_NONNULL = YES;
				CLANG_ANALYZER_NUMBER_OBJECT_CONVERSION = YES_AGGRESSIVE;
				CLANG_CXX_LANGUAGE_STANDARD = "gnu++20";
				CLANG_ENABLE_MODULES = YES;
				CLANG_ENABLE_OBJC_ARC = YES;
				CLANG_ENABLE_OBJC_WEAK = YES;
				CLANG_WARN_BLOCK_CAPTURE_AUTORELEASING = YES;
				CLANG_WARN_BOOL_CONVERSION = YES;
				CLANG_WARN_COMMA = YES;
				CLANG_WARN_CONSTANT_CONVERSION = YES;
				CLANG_WARN_DEPRECATED_OBJC_IMPLEMENTATIONS = YES;
				CLANG_WARN_DIRECT_OBJC_ISA_USAGE = YES_ERROR;
				CLANG_WARN_DOCUMENTATION_COMMENTS = YES;
				CLANG_WARN_EMPTY_BODY = YES;
				CLANG_WARN_ENUM_CONVERSION = YES;
				CLANG_WARN_INFINITE_RECURSION = YES;
				CLANG_WARN_INT_CONVERSION = YES;
				CLANG_WARN_NON_LITERAL_NULL_CONVERSION = YES;
				CLANG_WARN_OBJC_IMPLICIT_RETAIN_SELF = YES;
				CLANG_WARN_OBJC_LITERAL_CONVERSION = YES;
				CLANG_WARN_OBJC_ROOT_CLASS = YES_ERROR;
				CLANG_WARN_QUOTED_INCLUDE_IN_FRAMEWORK_HEADER = YES;
				CLANG_WARN_RANGE_LOOP_ANALYSIS = YES;
				CLANG_WARN_STRICT_PROTOTYPES = YES;
				CLANG_WARN_SUSPICIOUS_MOVE = YES;
				CLANG_WARN_UNGUARDED_AVAILABILITY = YES_AGGRESSIVE;
				CLANG_WARN_UNREACHABLE_CODE = YES;
				CLANG_WARN__DUPLICATE_METHOD_MATCH = YES;
				COPY_PHASE_STRIP = NO;
				DEBUG_INFORMATION_FORMAT = dwarf;
				ENABLE_STRICT_OBJC_MSGSEND = YES;
				ENABLE_TESTABILITY = YES;
				GCC_C_LANGUAGE_STANDARD = gnu11;
				GCC_DYNAMIC_NO_PIC = NO;
				GCC_NO_COMMON_BLOCKS = YES;
				GCC_OPTIMIZATION_LEVEL = 0;
				GCC_PREPROCESSOR_DEFINITIONS = (
					"DEBUG=1",
					"$(inherited)",
				);
				GCC_WARN_64_TO_32_BIT_CONVERSION = YES;
				GCC_WARN_ABOUT_RETURN_TYPE = YES_ERROR;
				GCC_WARN_UNDECLARED_SELECTOR = YES;
				GCC_WARN_UNINITIALIZED_AUTOS = YES_AGGRESSIVE;
				GCC_WARN_UNUSED_FUNCTION = YES;
				GCC_WARN_UNUSED_VARIABLE = YES;
				IPHONEOS_DEPLOYMENT_TARGET = 16.4;
				MTL_ENABLE_DEBUG_INFO = INCLUDE_SOURCE;
				MTL_FAST_MATH = YES;
				ONLY_ACTIVE_ARCH = YES;
				SDKROOT = iphoneos;
				SWIFT_ACTIVE_COMPILATION_CONDITIONS = DEBUG;
				SWIFT_OPTIMIZATION_LEVEL = "-Onone";
			};
			name = Debug;
		};
		DAEF31C72A6BCABB00C9D412 /* Release */ = {
			isa = XCBuildConfiguration;
			buildSettings = {
				ALWAYS_SEARCH_USER_PATHS = NO;
				CLANG_ANALYZER_NONNULL = YES;
				CLANG_ANALYZER_NUMBER_OBJECT_CONVERSION = YES_AGGRESSIVE;
				CLANG_CXX_LANGUAGE_STANDARD = "gnu++20";
				CLANG_ENABLE_MODULES = YES;
				CLANG_ENABLE_OBJC_ARC = YES;
				CLANG_ENABLE_OBJC_WEAK = YES;
				CLANG_WARN_BLOCK_CAPTURE_AUTORELEASING = YES;
				CLANG_WARN_BOOL_CONVERSION = YES;
				CLANG_WARN_COMMA = YES;
				CLANG_WARN_CONSTANT_CONVERSION = YES;
				CLANG_WARN_DEPRECATED_OBJC_IMPLEMENTATIONS = YES;
				CLANG_WARN_DIRECT_OBJC_ISA_USAGE = YES_ERROR;
				CLANG_WARN_DOCUMENTATION_COMMENTS = YES;
				CLANG_WARN_EMPTY_BODY = YES;
				CLANG_WARN_ENUM_CONVERSION = YES;
				CLANG_WARN_INFINITE_RECURSION = YES;
				CLANG_WARN_INT_CONVERSION = YES;
				CLANG_WARN_NON_LITERAL_NULL_CONVERSION = YES;
				CLANG_WARN_OBJC_IMPLICIT_RETAIN_SELF = YES;
				CLANG_WARN_OBJC_LITERAL_CONVERSION = YES;
				CLANG_WARN_OBJC_ROOT_CLASS = YES_ERROR;
				CLANG_WARN_QUOTED_INCLUDE_IN_FRAMEWORK_HEADER = YES;
				CLANG_WARN_RANGE_LOOP_ANALYSIS = YES;
				CLANG_WARN_STRICT_PROTOTYPES = YES;
				CLANG_WARN_SUSPICIOUS_MOVE = YES;
				CLANG_WARN_UNGUARDED_AVAILABILITY = YES_AGGRESSIVE;
				CLANG_WARN_UNREACHABLE_CODE = YES;
				CLANG_WARN__DUPLICATE_METHOD_MATCH = YES;
				COPY_PHASE_STRIP = NO;
				DEBUG_INFORMATION_FORMAT = "dwarf-with-dsym";
				ENABLE_NS_ASSERTIONS = NO;
				ENABLE_STRICT_OBJC_MSGSEND = YES;
				GCC_C_LANGUAGE_STANDARD = gnu11;
				GCC_NO_COMMON_BLOCKS = YES;
				GCC_WARN_64_TO_32_BIT_CONVERSION = YES;
				GCC_WARN_ABOUT_RETURN_TYPE = YES_ERROR;
				GCC_WARN_UNDECLARED_SELECTOR = YES;
				GCC_WARN_UNINITIALIZED_AUTOS = YES_AGGRESSIVE;
				GCC_WARN_UNUSED_FUNCTION = YES;
				GCC_WARN_UNUSED_VARIABLE = YES;
				IPHONEOS_DEPLOYMENT_TARGET = 16.4;
				MTL_ENABLE_DEBUG_INFO = NO;
				MTL_FAST_MATH = YES;
				SDKROOT = iphoneos;
				SWIFT_COMPILATION_MODE = wholemodule;
				SWIFT_OPTIMIZATION_LEVEL = "-O";
				VALIDATE_PRODUCT = YES;
			};
			name = Release;
		};
		DAEF31C92A6BCABB00C9D412 /* Debug */ = {
			isa = XCBuildConfiguration;
			buildSettings = {
				ASSETCATALOG_COMPILER_APPICON_NAME = AppIcon;
				ASSETCATALOG_COMPILER_GLOBAL_ACCENT_COLOR_NAME = AccentColor;
				CODE_SIGN_STYLE = Automatic;
				CURRENT_PROJECT_VERSION = 1;
				DEVELOPMENT_ASSET_PATHS = "\"YourBubble/Preview Content\"";
				DEVELOPMENT_TEAM = W25CN6H3TY;
				ENABLE_PREVIEWS = YES;
				GENERATE_INFOPLIST_FILE = YES;
				INFOPLIST_FILE = YourBubble/Info.plist;
				INFOPLIST_KEY_NSLocationAlwaysAndWhenInUseUsageDescription = "Please allow us to use your location";
				INFOPLIST_KEY_NSLocationAlwaysUsageDescription = "Please allow us to use your location";
				INFOPLIST_KEY_NSLocationWhenInUseUsageDescription = "Please allow us to use your location";
				INFOPLIST_KEY_UIApplicationSceneManifest_Generation = YES;
				INFOPLIST_KEY_UIApplicationSupportsIndirectInputEvents = YES;
				INFOPLIST_KEY_UILaunchScreen_Generation = YES;
				INFOPLIST_KEY_UISupportedInterfaceOrientations = UIInterfaceOrientationPortrait;
				IPHONEOS_DEPLOYMENT_TARGET = 16.0;
				LD_RUNPATH_SEARCH_PATHS = (
					"$(inherited)",
					"@executable_path/Frameworks",
				);
				MARKETING_VERSION = 1.0;
				PRODUCT_BUNDLE_IDENTIFIER = TazoG.YourBubble;
				PRODUCT_NAME = "$(TARGET_NAME)";
				SWIFT_EMIT_LOC_STRINGS = YES;
				SWIFT_VERSION = 5.0;
				TARGETED_DEVICE_FAMILY = "1,2";
			};
			name = Debug;
		};
		DAEF31CA2A6BCABB00C9D412 /* Release */ = {
			isa = XCBuildConfiguration;
			buildSettings = {
				ASSETCATALOG_COMPILER_APPICON_NAME = AppIcon;
				ASSETCATALOG_COMPILER_GLOBAL_ACCENT_COLOR_NAME = AccentColor;
				CODE_SIGN_STYLE = Automatic;
				CURRENT_PROJECT_VERSION = 1;
				DEVELOPMENT_ASSET_PATHS = "\"YourBubble/Preview Content\"";
				DEVELOPMENT_TEAM = W25CN6H3TY;
				ENABLE_PREVIEWS = YES;
				GENERATE_INFOPLIST_FILE = YES;
				INFOPLIST_FILE = YourBubble/Info.plist;
				INFOPLIST_KEY_NSLocationAlwaysAndWhenInUseUsageDescription = "Please allow us to use your location";
				INFOPLIST_KEY_NSLocationAlwaysUsageDescription = "Please allow us to use your location";
				INFOPLIST_KEY_NSLocationWhenInUseUsageDescription = "Please allow us to use your location";
				INFOPLIST_KEY_UIApplicationSceneManifest_Generation = YES;
				INFOPLIST_KEY_UIApplicationSupportsIndirectInputEvents = YES;
				INFOPLIST_KEY_UILaunchScreen_Generation = YES;
				INFOPLIST_KEY_UISupportedInterfaceOrientations = UIInterfaceOrientationPortrait;
				IPHONEOS_DEPLOYMENT_TARGET = 16.0;
				LD_RUNPATH_SEARCH_PATHS = (
					"$(inherited)",
					"@executable_path/Frameworks",
				);
				MARKETING_VERSION = 1.0;
				PRODUCT_BUNDLE_IDENTIFIER = TazoG.YourBubble;
				PRODUCT_NAME = "$(TARGET_NAME)";
				SWIFT_EMIT_LOC_STRINGS = YES;
				SWIFT_VERSION = 5.0;
				TARGETED_DEVICE_FAMILY = "1,2";
			};
			name = Release;
		};
/* End XCBuildConfiguration section */

/* Begin XCConfigurationList section */
		DAEF31B52A6BCAB900C9D412 /* Build configuration list for PBXProject "YourBubble" */ = {
			isa = XCConfigurationList;
			buildConfigurations = (
				DAEF31C62A6BCABB00C9D412 /* Debug */,
				DAEF31C72A6BCABB00C9D412 /* Release */,
			);
			defaultConfigurationIsVisible = 0;
			defaultConfigurationName = Release;
		};
		DAEF31C82A6BCABB00C9D412 /* Build configuration list for PBXNativeTarget "YourBubble" */ = {
			isa = XCConfigurationList;
			buildConfigurations = (
				DAEF31C92A6BCABB00C9D412 /* Debug */,
				DAEF31CA2A6BCABB00C9D412 /* Release */,
			);
			defaultConfigurationIsVisible = 0;
			defaultConfigurationName = Release;
		};
/* End XCConfigurationList section */

/* Begin XCRemoteSwiftPackageReference section */
		DAEF31CD2A6BCFF000C9D412 /* XCRemoteSwiftPackageReference "firebase-ios-sdk" */ = {
			isa = XCRemoteSwiftPackageReference;
			repositoryURL = "https://github.com/firebase/firebase-ios-sdk";
			requirement = {
				kind = upToNextMajorVersion;
				minimumVersion = 10.4.0;
			};
		};
/* End XCRemoteSwiftPackageReference section */

/* Begin XCSwiftPackageProductDependency section */
		DAEF31CE2A6BCFF000C9D412 /* FirebaseAnalytics */ = {
			isa = XCSwiftPackageProductDependency;
			package = DAEF31CD2A6BCFF000C9D412 /* XCRemoteSwiftPackageReference "firebase-ios-sdk" */;
			productName = FirebaseAnalytics;
		};
		DAEF31D02A6BCFF000C9D412 /* FirebaseAnalyticsOnDeviceConversion */ = {
			isa = XCSwiftPackageProductDependency;
			package = DAEF31CD2A6BCFF000C9D412 /* XCRemoteSwiftPackageReference "firebase-ios-sdk" */;
			productName = FirebaseAnalyticsOnDeviceConversion;
		};
		DAEF31D22A6BCFF000C9D412 /* FirebaseAnalyticsSwift */ = {
			isa = XCSwiftPackageProductDependency;
			package = DAEF31CD2A6BCFF000C9D412 /* XCRemoteSwiftPackageReference "firebase-ios-sdk" */;
			productName = FirebaseAnalyticsSwift;
		};
		DAEF31D42A6BCFF000C9D412 /* FirebaseAnalyticsWithoutAdIdSupport */ = {
			isa = XCSwiftPackageProductDependency;
			package = DAEF31CD2A6BCFF000C9D412 /* XCRemoteSwiftPackageReference "firebase-ios-sdk" */;
			productName = FirebaseAnalyticsWithoutAdIdSupport;
		};
		DAEF31D62A6BCFF000C9D412 /* FirebaseAppCheck */ = {
			isa = XCSwiftPackageProductDependency;
			package = DAEF31CD2A6BCFF000C9D412 /* XCRemoteSwiftPackageReference "firebase-ios-sdk" */;
			productName = FirebaseAppCheck;
		};
		DAEF31D82A6BCFF000C9D412 /* FirebaseAppDistribution-Beta */ = {
			isa = XCSwiftPackageProductDependency;
			package = DAEF31CD2A6BCFF000C9D412 /* XCRemoteSwiftPackageReference "firebase-ios-sdk" */;
			productName = "FirebaseAppDistribution-Beta";
		};
		DAEF31DA2A6BCFF000C9D412 /* FirebaseAuth */ = {
			isa = XCSwiftPackageProductDependency;
			package = DAEF31CD2A6BCFF000C9D412 /* XCRemoteSwiftPackageReference "firebase-ios-sdk" */;
			productName = FirebaseAuth;
		};
		DAEF31DC2A6BCFF000C9D412 /* FirebaseAuthCombine-Community */ = {
			isa = XCSwiftPackageProductDependency;
			package = DAEF31CD2A6BCFF000C9D412 /* XCRemoteSwiftPackageReference "firebase-ios-sdk" */;
			productName = "FirebaseAuthCombine-Community";
		};
		DAEF31DE2A6BCFF000C9D412 /* FirebaseCrashlytics */ = {
			isa = XCSwiftPackageProductDependency;
			package = DAEF31CD2A6BCFF000C9D412 /* XCRemoteSwiftPackageReference "firebase-ios-sdk" */;
			productName = FirebaseCrashlytics;
		};
		DAEF31E02A6BCFF000C9D412 /* FirebaseDatabase */ = {
			isa = XCSwiftPackageProductDependency;
			package = DAEF31CD2A6BCFF000C9D412 /* XCRemoteSwiftPackageReference "firebase-ios-sdk" */;
			productName = FirebaseDatabase;
		};
		DAEF31E22A6BCFF100C9D412 /* FirebaseDatabaseSwift */ = {
			isa = XCSwiftPackageProductDependency;
			package = DAEF31CD2A6BCFF000C9D412 /* XCRemoteSwiftPackageReference "firebase-ios-sdk" */;
			productName = FirebaseDatabaseSwift;
		};
		DAEF31E42A6BCFF100C9D412 /* FirebaseDynamicLinks */ = {
			isa = XCSwiftPackageProductDependency;
			package = DAEF31CD2A6BCFF000C9D412 /* XCRemoteSwiftPackageReference "firebase-ios-sdk" */;
			productName = FirebaseDynamicLinks;
		};
		DAEF31E62A6BCFF100C9D412 /* FirebaseFirestore */ = {
			isa = XCSwiftPackageProductDependency;
			package = DAEF31CD2A6BCFF000C9D412 /* XCRemoteSwiftPackageReference "firebase-ios-sdk" */;
			productName = FirebaseFirestore;
		};
		DAEF31E82A6BCFF100C9D412 /* FirebaseFirestoreCombine-Community */ = {
			isa = XCSwiftPackageProductDependency;
			package = DAEF31CD2A6BCFF000C9D412 /* XCRemoteSwiftPackageReference "firebase-ios-sdk" */;
			productName = "FirebaseFirestoreCombine-Community";
		};
		DAEF31EA2A6BCFF100C9D412 /* FirebaseFirestoreSwift */ = {
			isa = XCSwiftPackageProductDependency;
			package = DAEF31CD2A6BCFF000C9D412 /* XCRemoteSwiftPackageReference "firebase-ios-sdk" */;
			productName = FirebaseFirestoreSwift;
		};
		DAEF31EC2A6BCFF100C9D412 /* FirebaseFunctions */ = {
			isa = XCSwiftPackageProductDependency;
			package = DAEF31CD2A6BCFF000C9D412 /* XCRemoteSwiftPackageReference "firebase-ios-sdk" */;
			productName = FirebaseFunctions;
		};
		DAEF31EE2A6BCFF100C9D412 /* FirebaseFunctionsCombine-Community */ = {
			isa = XCSwiftPackageProductDependency;
			package = DAEF31CD2A6BCFF000C9D412 /* XCRemoteSwiftPackageReference "firebase-ios-sdk" */;
			productName = "FirebaseFunctionsCombine-Community";
		};
		DAEF31F02A6BCFF100C9D412 /* FirebaseInAppMessaging-Beta */ = {
			isa = XCSwiftPackageProductDependency;
			package = DAEF31CD2A6BCFF000C9D412 /* XCRemoteSwiftPackageReference "firebase-ios-sdk" */;
			productName = "FirebaseInAppMessaging-Beta";
		};
		DAEF31F22A6BCFF200C9D412 /* FirebaseInAppMessagingSwift-Beta */ = {
			isa = XCSwiftPackageProductDependency;
			package = DAEF31CD2A6BCFF000C9D412 /* XCRemoteSwiftPackageReference "firebase-ios-sdk" */;
			productName = "FirebaseInAppMessagingSwift-Beta";
		};
		DAEF31F42A6BCFF200C9D412 /* FirebaseInstallations */ = {
			isa = XCSwiftPackageProductDependency;
			package = DAEF31CD2A6BCFF000C9D412 /* XCRemoteSwiftPackageReference "firebase-ios-sdk" */;
			productName = FirebaseInstallations;
		};
		DAEF31F62A6BCFF200C9D412 /* FirebaseMLModelDownloader */ = {
			isa = XCSwiftPackageProductDependency;
			package = DAEF31CD2A6BCFF000C9D412 /* XCRemoteSwiftPackageReference "firebase-ios-sdk" */;
			productName = FirebaseMLModelDownloader;
		};
		DAEF31F82A6BCFF200C9D412 /* FirebaseMessaging */ = {
			isa = XCSwiftPackageProductDependency;
			package = DAEF31CD2A6BCFF000C9D412 /* XCRemoteSwiftPackageReference "firebase-ios-sdk" */;
			productName = FirebaseMessaging;
		};
		DAEF31FA2A6BCFF200C9D412 /* FirebasePerformance */ = {
			isa = XCSwiftPackageProductDependency;
			package = DAEF31CD2A6BCFF000C9D412 /* XCRemoteSwiftPackageReference "firebase-ios-sdk" */;
			productName = FirebasePerformance;
		};
		DAEF31FC2A6BCFF300C9D412 /* FirebaseRemoteConfig */ = {
			isa = XCSwiftPackageProductDependency;
			package = DAEF31CD2A6BCFF000C9D412 /* XCRemoteSwiftPackageReference "firebase-ios-sdk" */;
			productName = FirebaseRemoteConfig;
		};
		DAEF31FE2A6BCFF300C9D412 /* FirebaseRemoteConfigSwift */ = {
			isa = XCSwiftPackageProductDependency;
			package = DAEF31CD2A6BCFF000C9D412 /* XCRemoteSwiftPackageReference "firebase-ios-sdk" */;
			productName = FirebaseRemoteConfigSwift;
		};
		DAEF32002A6BCFF300C9D412 /* FirebaseStorage */ = {
			isa = XCSwiftPackageProductDependency;
			package = DAEF31CD2A6BCFF000C9D412 /* XCRemoteSwiftPackageReference "firebase-ios-sdk" */;
			productName = FirebaseStorage;
		};
		DAEF32022A6BCFF300C9D412 /* FirebaseStorageCombine-Community */ = {
			isa = XCSwiftPackageProductDependency;
			package = DAEF31CD2A6BCFF000C9D412 /* XCRemoteSwiftPackageReference "firebase-ios-sdk" */;
			productName = "FirebaseStorageCombine-Community";
		};
/* End XCSwiftPackageProductDependency section */
	};
	rootObject = DAEF31B22A6BCAB900C9D412 /* Project object */;
}
